
Microsoft Visual Studio Solution File, Format Version 12.00
# Visual Studio Version 17
VisualStudioVersion = 17.10.34916.146
MinimumVisualStudioVersion = 10.0.40219.1
Project("{FAE04EC0-301F-11D3-BF4B-00C04F79EFBC}") = "QuickRepair", "QuickRepair\QuickRepair.csproj", "{FF4B0C30-1814-4B62-AE82-01EB3F21CB19}"
EndProject
Global
	GlobalSection(SolutionConfigurationPlatforms) = preSolution
		Debug|Any CPU = Debug|Any CPU
		Release|Any CPU = Release|Any CPU
	EndGlobalSection
	GlobalSection(ProjectConfigurationPlatforms) = postSolution
		{FF4B0C30-1814-4B62-AE82-01EB3F21CB19}.Debug|Any CPU.ActiveCfg = Debug|Any CPU
		{FF4B0C30-1814-4B62-AE82-01EB3F21CB19}.Debug|Any CPU.Build.0 = Debug|Any CPU
		{FF4B0C30-1814-4B62-AE82-01EB3F21CB19}.Release|Any CPU.ActiveCfg = Release|Any CPU
		{FF4B0C30-1814-4B62-AE82-01EB3F21CB19}.Release|Any CPU.Build.0 = Release|Any CPU
	EndGlobalSection
	GlobalSection(SolutionProperties) = preSolution
		HideSolutionNode = FALSE
	EndGlobalSection
	GlobalSection(ExtensibilityGlobals) = postSolution
		SolutionGuid = {6FBF229D-952B-471F-81E5-D886DD5426AE}
	EndGlobalSection
EndGlobal
